
Microsoft Visual Studio Solution File, Format Version 12.00
# Visual Studio Version 17
VisualStudioVersion = 17.7.34018.315
MinimumVisualStudioVersion = 10.0.40219.1
Project("{FAE04EC0-301F-11D3-BF4B-00C04F79EFBC}") = "Uppgift 3.4", "Uppgift 3.4\Uppgift 3.4.csproj", "{72315BA8-4B70-4DA7-9135-76907D15115C}"
EndProject
Global
	GlobalSection(SolutionConfigurationPlatforms) = preSolution
		Debug|Any CPU = Debug|Any CPU
		Release|Any CPU = Release|Any CPU
	EndGlobalSection
	GlobalSection(ProjectConfigurationPlatforms) = postSolution
		{72315BA8-4B70-4DA7-9135-76907D15115C}.Debug|Any CPU.ActiveCfg = Debug|Any CPU
		{72315BA8-4B70-4DA7-9135-76907D15115C}.Debug|Any CPU.Build.0 = Debug|Any CPU
		{72315BA8-4B70-4DA7-9135-76907D15115C}.Release|Any CPU.ActiveCfg = Release|Any CPU
		{72315BA8-4B70-4DA7-9135-76907D15115C}.Release|Any CPU.Build.0 = Release|Any CPU
	EndGlobalSection
	GlobalSection(SolutionProperties) = preSolution
		HideSolutionNode = FALSE
	EndGlobalSection
	GlobalSection(ExtensibilityGlobals) = postSolution
		SolutionGuid = {8A344B13-4E2E-4616-A7D3-3D598C147F78}
	EndGlobalSection
EndGlobal
